
Microsoft Visual Studio Solution File, Format Version 12.00
# Visual Studio Version 17
VisualStudioVersion = 17.9.34616.47
MinimumVisualStudioVersion = 10.0.40219.1
Project("{8BC9CEB8-8B4A-11D0-8D11-00A0C91BC942}") = "PyDwarf", "PyDwarf.vcxproj", "{AF25FFB4-4AE0-4D11-B335-B8F7BCF2CDDB}"
EndProject
Project("{888888A0-9F3D-457C-B088-3A5042F75D52}") = "machineLearning", "..\machineLearning\machineLearning.pyproj", "{FE66A6CD-058C-46FE-BE60-B2CC990A6CCE}"
EndProject
Global
	GlobalSection(SolutionConfigurationPlatforms) = preSolution
		Debug|Any CPU = Debug|Any CPU
		Debug|x64 = Debug|x64
		Debug|x86 = Debug|x86
		Release|Any CPU = Release|Any CPU
		Release|x64 = Release|x64
		Release|x86 = Release|x86
	EndGlobalSection
	GlobalSection(ProjectConfigurationPlatforms) = postSolution
		{AF25FFB4-4AE0-4D11-B335-B8F7BCF2CDDB}.Debug|Any CPU.ActiveCfg = Debug|x64
		{AF25FFB4-4AE0-4D11-B335-B8F7BCF2CDDB}.Debug|Any CPU.Build.0 = Debug|x64
		{AF25FFB4-4AE0-4D11-B335-B8F7BCF2CDDB}.Debug|x64.ActiveCfg = Debug|x64
		{AF25FFB4-4AE0-4D11-B335-B8F7BCF2CDDB}.Debug|x64.Build.0 = Debug|x64
		{AF25FFB4-4AE0-4D11-B335-B8F7BCF2CDDB}.Debug|x86.ActiveCfg = Debug|Win32
		{AF25FFB4-4AE0-4D11-B335-B8F7BCF2CDDB}.Debug|x86.Build.0 = Debug|Win32
		{AF25FFB4-4AE0-4D11-B335-B8F7BCF2CDDB}.Release|Any CPU.ActiveCfg = Release|x64
		{AF25FFB4-4AE0-4D11-B335-B8F7BCF2CDDB}.Release|Any CPU.Build.0 = Release|x64
		{AF25FFB4-4AE0-4D11-B335-B8F7BCF2CDDB}.Release|x64.ActiveCfg = Release|x64
		{AF25FFB4-4AE0-4D11-B335-B8F7BCF2CDDB}.Release|x64.Build.0 = Release|x64
		{AF25FFB4-4AE0-4D11-B335-B8F7BCF2CDDB}.Release|x86.ActiveCfg = Release|Win32
		{AF25FFB4-4AE0-4D11-B335-B8F7BCF2CDDB}.Release|x86.Build.0 = Release|Win32
		{FE66A6CD-058C-46FE-BE60-B2CC990A6CCE}.Debug|Any CPU.ActiveCfg = Debug|Any CPU
		{FE66A6CD-058C-46FE-BE60-B2CC990A6CCE}.Debug|x64.ActiveCfg = Debug|Any CPU
		{FE66A6CD-058C-46FE-BE60-B2CC990A6CCE}.Debug|x86.ActiveCfg = Debug|Any CPU
		{FE66A6CD-058C-46FE-BE60-B2CC990A6CCE}.Release|Any CPU.ActiveCfg = Release|Any CPU
		{FE66A6CD-058C-46FE-BE60-B2CC990A6CCE}.Release|x64.ActiveCfg = Release|Any CPU
		{FE66A6CD-058C-46FE-BE60-B2CC990A6CCE}.Release|x86.ActiveCfg = Release|Any CPU
	EndGlobalSection
	GlobalSection(SolutionProperties) = preSolution
		HideSolutionNode = FALSE
	EndGlobalSection
	GlobalSection(ExtensibilityGlobals) = postSolution
		SolutionGuid = {D38A23E3-6418-4A02-85E0-C6DA0255457B}
	EndGlobalSection
EndGlobal
